
Microsoft Visual Studio Solution File, Format Version 12.00
# Visual Studio Version 17
VisualStudioVersion = 17.10.35027.167
MinimumVisualStudioVersion = 10.0.40219.1
Project("{FAE04EC0-301F-11D3-BF4B-00C04F79EFBC}") = "AreEyeP", "AreEyeP.csproj", "{FA3B7D0A-73FC-4710-BF99-55F8D001CC8C}"
EndProject
Global
	GlobalSection(SolutionConfigurationPlatforms) = preSolution
		Debug|Any CPU = Debug|Any CPU
		Release|Any CPU = Release|Any CPU
	EndGlobalSection
	GlobalSection(ProjectConfigurationPlatforms) = postSolution
		{FA3B7D0A-73FC-4710-BF99-55F8D001CC8C}.Debug|Any CPU.ActiveCfg = Debug|Any CPU
		{FA3B7D0A-73FC-4710-BF99-55F8D001CC8C}.Debug|Any CPU.Build.0 = Debug|Any CPU
		{FA3B7D0A-73FC-4710-BF99-55F8D001CC8C}.Release|Any CPU.ActiveCfg = Release|Any CPU
		{FA3B7D0A-73FC-4710-BF99-55F8D001CC8C}.Release|Any CPU.Build.0 = Release|Any CPU
	EndGlobalSection
	GlobalSection(SolutionProperties) = preSolution
		HideSolutionNode = FALSE
	EndGlobalSection
	GlobalSection(ExtensibilityGlobals) = postSolution
		SolutionGuid = {A9F1AE92-05B9-42B3-85E8-BBD18C6B298D}
	EndGlobalSection
EndGlobal
